github.com/matryer/is v1.4.0 h1:sosSmIWwkYITGrxZ25ULNDeKiMNzFSr4V/eqBQP0PeE=
github.com/matryer/is v1.4.0/go.mod h1:8I/i5uYgLzgsgEloJE1U6xx5HkBQpAZvepWuujKwMRU=
golang.org/x/exp v0.0.0-20230202163644-54bba9f4231b h1:EqBVA+nNsObCwQoBEHy4wLU0pi7i8a4AL3pbItPdPkE=
golang.org/x/exp v0.0.0-20230202163644-54bba9f4231b/go.mod h1:CxIveKay+FTh1D0yPZemJVgC/95VzuuOLq5Qi4xnoYc=
